
Microsoft Visual Studio Solution File, Format Version 12.00
# Visual Studio Version 17
VisualStudioVersion = 17.11.35312.102
MinimumVisualStudioVersion = 10.0.40219.1
Project("{8BC9CEB8-8B4A-11D0-8D11-00A0C91BC942}") = "Task1", "Task1\Task1.vcxproj", "{5A612D45-AE80-4F9E-9990-2A078231B5AD}"
EndProject
Project("{8BC9CEB8-8B4A-11D0-8D11-00A0C91BC942}") = "Task2", "Task2\Task2.vcxproj", "{CE5C14E1-616D-4349-AF80-13943743002C}"
EndProject
Project("{8BC9CEB8-8B4A-11D0-8D11-00A0C91BC942}") = "Task3", "Task3\Task3.vcxproj", "{35DD4BA6-DC6E-4CC6-9C67-D42768434998}"
EndProject
Project("{8BC9CEB8-8B4A-11D0-8D11-00A0C91BC942}") = "Task4", "Task4\Task4.vcxproj", "{FA5DAB05-76E0-42B6-B50B-B60A227477A0}"
EndProject
Project("{8BC9CEB8-8B4A-11D0-8D11-00A0C91BC942}") = "Task5", "Task5\Task5.vcxproj", "{B96C4B02-6985-4757-BFB4-27E0A51A3EBF}"
EndProject
Project("{8BC9CEB8-8B4A-11D0-8D11-00A0C91BC942}") = "Task6", "Task6\Task6.vcxproj", "{E065A08A-3E9D-4387-B0DF-B448372BA01E}"
EndProject
Project("{8BC9CEB8-8B4A-11D0-8D11-00A0C91BC942}") = "Task7", "Task7\Task7.vcxproj", "{305525B3-969B-45A2-BBBD-7697885B9219}"
EndProject
Project("{8BC9CEB8-8B4A-11D0-8D11-00A0C91BC942}") = "Task8", "Task8\Task8.vcxproj", "{3833BDBC-FCEF-46DF-AF74-4DEAA7A3A59F}"
EndProject
Project("{8BC9CEB8-8B4A-11D0-8D11-00A0C91BC942}") = "Task9", "Task9\Task9.vcxproj", "{AD314F0C-BACB-411D-B4E9-4E9C8DCD257D}"
EndProject
Project("{8BC9CEB8-8B4A-11D0-8D11-00A0C91BC942}") = "Task10", "Task10\Task10.vcxproj", "{4D4777AE-90E4-4FDC-8073-DD71BBB1BEBD}"
EndProject
Global
	GlobalSection(SolutionConfigurationPlatforms) = preSolution
		Debug|x64 = Debug|x64
		Debug|x86 = Debug|x86
		Release|x64 = Release|x64
		Release|x86 = Release|x86
	EndGlobalSection
	GlobalSection(ProjectConfigurationPlatforms) = postSolution
		{5A612D45-AE80-4F9E-9990-2A078231B5AD}.Debug|x64.ActiveCfg = Debug|x64
		{5A612D45-AE80-4F9E-9990-2A078231B5AD}.Debug|x64.Build.0 = Debug|x64
		{5A612D45-AE80-4F9E-9990-2A078231B5AD}.Debug|x86.ActiveCfg = Debug|Win32
		{5A612D45-AE80-4F9E-9990-2A078231B5AD}.Debug|x86.Build.0 = Debug|Win32
		{5A612D45-AE80-4F9E-9990-2A078231B5AD}.Release|x64.ActiveCfg = Release|x64
		{5A612D45-AE80-4F9E-9990-2A078231B5AD}.Release|x64.Build.0 = Release|x64
		{5A612D45-AE80-4F9E-9990-2A078231B5AD}.Release|x86.ActiveCfg = Release|Win32
		{5A612D45-AE80-4F9E-9990-2A078231B5AD}.Release|x86.Build.0 = Release|Win32
		{CE5C14E1-616D-4349-AF80-13943743002C}.Debug|x64.ActiveCfg = Debug|x64
		{CE5C14E1-616D-4349-AF80-13943743002C}.Debug|x64.Build.0 = Debug|x64
		{CE5C14E1-616D-4349-AF80-13943743002C}.Debug|x86.ActiveCfg = Debug|Win32
		{CE5C14E1-616D-4349-AF80-13943743002C}.Debug|x86.Build.0 = Debug|Win32
		{CE5C14E1-616D-4349-AF80-13943743002C}.Release|x64.ActiveCfg = Release|x64
		{CE5C14E1-616D-4349-AF80-13943743002C}.Release|x64.Build.0 = Release|x64
		{CE5C14E1-616D-4349-AF80-13943743002C}.Release|x86.ActiveCfg = Release|Win32
		{CE5C14E1-616D-4349-AF80-13943743002C}.Release|x86.Build.0 = Release|Win32
		{35DD4BA6-DC6E-4CC6-9C67-D42768434998}.Debug|x64.ActiveCfg = Debug|x64
		{35DD4BA6-DC6E-4CC6-9C67-D42768434998}.Debug|x64.Build.0 = Debug|x64
		{35DD4BA6-DC6E-4CC6-9C67-D42768434998}.Debug|x86.ActiveCfg = Debug|Win32
		{35DD4BA6-DC6E-4CC6-9C67-D42768434998}.Debug|x86.Build.0 = Debug|Win32
		{35DD4BA6-DC6E-4CC6-9C67-D42768434998}.Release|x64.ActiveCfg = Release|x64
		{35DD4BA6-DC6E-4CC6-9C67-D42768434998}.Release|x64.Build.0 = Release|x64
		{35DD4BA6-DC6E-4CC6-9C67-D42768434998}.Release|x86.ActiveCfg = Release|Win32
		{35DD4BA6-DC6E-4CC6-9C67-D42768434998}.Release|x86.Build.0 = Release|Win32
		{FA5DAB05-76E0-42B6-B50B-B60A227477A0}.Debug|x64.ActiveCfg = Debug|x64
		{FA5DAB05-76E0-42B6-B50B-B60A227477A0}.Debug|x64.Build.0 = Debug|x64
		{FA5DAB05-76E0-42B6-B50B-B60A227477A0}.Debug|x86.ActiveCfg = Debug|Win32
		{FA5DAB05-76E0-42B6-B50B-B60A227477A0}.Debug|x86.Build.0 = Debug|Win32
		{FA5DAB05-76E0-42B6-B50B-B60A227477A0}.Release|x64.ActiveCfg = Release|x64
		{FA5DAB05-76E0-42B6-B50B-B60A227477A0}.Release|x64.Build.0 = Release|x64
		{FA5DAB05-76E0-42B6-B50B-B60A227477A0}.Release|x86.ActiveCfg = Release|Win32
		{FA5DAB05-76E0-42B6-B50B-B60A227477A0}.Release|x86.Build.0 = Release|Win32
		{B96C4B02-6985-4757-BFB4-27E0A51A3EBF}.Debug|x64.ActiveCfg = Debug|x64
		{B96C4B02-6985-4757-BFB4-27E0A51A3EBF}.Debug|x64.Build.0 = Debug|x64
		{B96C4B02-6985-4757-BFB4-27E0A51A3EBF}.Debug|x86.ActiveCfg = Debug|Win32
		{B96C4B02-6985-4757-BFB4-27E0A51A3EBF}.Debug|x86.Build.0 = Debug|Win32
		{B96C4B02-6985-4757-BFB4-27E0A51A3EBF}.Release|x64.ActiveCfg = Release|x64
		{B96C4B02-6985-4757-BFB4-27E0A51A3EBF}.Release|x64.Build.0 = Release|x64
		{B96C4B02-6985-4757-BFB4-27E0A51A3EBF}.Release|x86.ActiveCfg = Release|Win32
		{B96C4B02-6985-4757-BFB4-27E0A51A3EBF}.Release|x86.Build.0 = Release|Win32
		{E065A08A-3E9D-4387-B0DF-B448372BA01E}.Debug|x64.ActiveCfg = Debug|x64
		{E065A08A-3E9D-4387-B0DF-B448372BA01E}.Debug|x64.Build.0 = Debug|x64
		{E065A08A-3E9D-4387-B0DF-B448372BA01E}.Debug|x86.ActiveCfg = Debug|Win32
		{E065A08A-3E9D-4387-B0DF-B448372BA01E}.Debug|x86.Build.0 = Debug|Win32
		{E065A08A-3E9D-4387-B0DF-B448372BA01E}.Release|x64.ActiveCfg = Release|x64
		{E065A08A-3E9D-4387-B0DF-B448372BA01E}.Release|x64.Build.0 = Release|x64
		{E065A08A-3E9D-4387-B0DF-B448372BA01E}.Release|x86.ActiveCfg = Release|Win32
		{E065A08A-3E9D-4387-B0DF-B448372BA01E}.Release|x86.Build.0 = Release|Win32
		{305525B3-969B-45A2-BBBD-7697885B9219}.Debug|x64.ActiveCfg = Debug|x64
		{305525B3-969B-45A2-BBBD-7697885B9219}.Debug|x64.Build.0 = Debug|x64
		{305525B3-969B-45A2-BBBD-7697885B9219}.Debug|x86.ActiveCfg = Debug|Win32
		{305525B3-969B-45A2-BBBD-7697885B9219}.Debug|x86.Build.0 = Debug|Win32
		{305525B3-969B-45A2-BBBD-7697885B9219}.Release|x64.ActiveCfg = Release|x64
		{305525B3-969B-45A2-BBBD-7697885B9219}.Release|x64.Build.0 = Release|x64
		{305525B3-969B-45A2-BBBD-7697885B9219}.Release|x86.ActiveCfg = Release|Win32
		{305525B3-969B-45A2-BBBD-7697885B9219}.Release|x86.Build.0 = Release|Win32
		{3833BDBC-FCEF-46DF-AF74-4DEAA7A3A59F}.Debug|x64.ActiveCfg = Debug|x64
		{3833BDBC-FCEF-46DF-AF74-4DEAA7A3A59F}.Debug|x64.Build.0 = Debug|x64
		{3833BDBC-FCEF-46DF-AF74-4DEAA7A3A59F}.Debug|x86.ActiveCfg = Debug|Win32
		{3833BDBC-FCEF-46DF-AF74-4DEAA7A3A59F}.Debug|x86.Build.0 = Debug|Win32
		{3833BDBC-FCEF-46DF-AF74-4DEAA7A3A59F}.Release|x64.ActiveCfg = Release|x64
		{3833BDBC-FCEF-46DF-AF74-4DEAA7A3A59F}.Release|x64.Build.0 = Release|x64
		{3833BDBC-FCEF-46DF-AF74-4DEAA7A3A59F}.Release|x86.ActiveCfg = Release|Win32
		{3833BDBC-FCEF-46DF-AF74-4DEAA7A3A59F}.Release|x86.Build.0 = Release|Win32
		{AD314F0C-BACB-411D-B4E9-4E9C8DCD257D}.Debug|x64.ActiveCfg = Debug|x64
		{AD314F0C-BACB-411D-B4E9-4E9C8DCD257D}.Debug|x64.Build.0 = Debug|x64
		{AD314F0C-BACB-411D-B4E9-4E9C8DCD257D}.Debug|x86.ActiveCfg = Debug|Win32
		{AD314F0C-BACB-411D-B4E9-4E9C8DCD257D}.Debug|x86.Build.0 = Debug|Win32
		{AD314F0C-BACB-411D-B4E9-4E9C8DCD257D}.Release|x64.ActiveCfg = Release|x64
		{AD314F0C-BACB-411D-B4E9-4E9C8DCD257D}.Release|x64.Build.0 = Release|x64
		{AD314F0C-BACB-411D-B4E9-4E9C8DCD257D}.Release|x86.ActiveCfg = Release|Win32
		{AD314F0C-BACB-411D-B4E9-4E9C8DCD257D}.Release|x86.Build.0 = Release|Win32
		{4D4777AE-90E4-4FDC-8073-DD71BBB1BEBD}.Debug|x64.ActiveCfg = Debug|x64
		{4D4777AE-90E4-4FDC-8073-DD71BBB1BEBD}.Debug|x64.Build.0 = Debug|x64
		{4D4777AE-90E4-4FDC-8073-DD71BBB1BEBD}.Debug|x86.ActiveCfg = Debug|Win32
		{4D4777AE-90E4-4FDC-8073-DD71BBB1BEBD}.Debug|x86.Build.0 = Debug|Win32
		{4D4777AE-90E4-4FDC-8073-DD71BBB1BEBD}.Release|x64.ActiveCfg = Release|x64
		{4D4777AE-90E4-4FDC-8073-DD71BBB1BEBD}.Release|x64.Build.0 = Release|x64
		{4D4777AE-90E4-4FDC-8073-DD71BBB1BEBD}.Release|x86.ActiveCfg = Release|Win32
		{4D4777AE-90E4-4FDC-8073-DD71BBB1BEBD}.Release|x86.Build.0 = Release|Win32
	EndGlobalSection
	GlobalSection(SolutionProperties) = preSolution
		HideSolutionNode = FALSE
	EndGlobalSection
	GlobalSection(ExtensibilityGlobals) = postSolution
		SolutionGuid = {D9AB3FDD-0BBA-479E-9ACD-1A5755B52FB8}
	EndGlobalSection
EndGlobal
