
Microsoft Visual Studio Solution File, Format Version 12.00
# Visual Studio Version 17
VisualStudioVersion = 17.11.35312.102
MinimumVisualStudioVersion = 10.0.40219.1
Project("{8BC9CEB8-8B4A-11D0-8D11-00A0C91BC942}") = "Task1", "Task1\Task1.vcxproj", "{95076DBF-8721-4997-A353-C451FD05E0EA}"
EndProject
Project("{8BC9CEB8-8B4A-11D0-8D11-00A0C91BC942}") = "Task2", "Task2\Task2.vcxproj", "{E3907EBD-A6E4-4D12-8677-0510F41740BC}"
EndProject
Project("{8BC9CEB8-8B4A-11D0-8D11-00A0C91BC942}") = "Task3", "Task3\Task3.vcxproj", "{3E471A26-123B-48FD-A2F4-C2092BF2D300}"
EndProject
Project("{8BC9CEB8-8B4A-11D0-8D11-00A0C91BC942}") = "Task4", "Task4\Task4.vcxproj", "{B39B9C67-5F4B-45CA-B2E5-09C6ABBCCE70}"
EndProject
Project("{8BC9CEB8-8B4A-11D0-8D11-00A0C91BC942}") = "Project5", "Project5\Project5.vcxproj", "{893C6451-BE86-4242-A7FB-EA36ECF4F4AC}"
EndProject
Project("{8BC9CEB8-8B4A-11D0-8D11-00A0C91BC942}") = "Project6", "Project6\Project6.vcxproj", "{CF31B797-89AB-427A-A902-9969D4E56C98}"
EndProject
Project("{8BC9CEB8-8B4A-11D0-8D11-00A0C91BC942}") = "Task7", "Task7\Task7.vcxproj", "{322CB11B-AC92-408E-A8DA-C214DAA0964E}"
EndProject
Project("{8BC9CEB8-8B4A-11D0-8D11-00A0C91BC942}") = "Task8", "Task8\Task8.vcxproj", "{B1647F84-401C-4ABF-BBA7-0F990ACC6247}"
EndProject
Project("{8BC9CEB8-8B4A-11D0-8D11-00A0C91BC942}") = "Task9", "Task9\Task9.vcxproj", "{F97AFE12-CA66-485A-8B88-0376CEAA1892}"
EndProject
Project("{8BC9CEB8-8B4A-11D0-8D11-00A0C91BC942}") = "Task10", "Task10\Task10.vcxproj", "{E8F9EB8F-049B-499A-9240-3FB9C6C3A6DE}"
EndProject
Global
	GlobalSection(SolutionConfigurationPlatforms) = preSolution
		Debug|x64 = Debug|x64
		Debug|x86 = Debug|x86
		Release|x64 = Release|x64
		Release|x86 = Release|x86
	EndGlobalSection
	GlobalSection(ProjectConfigurationPlatforms) = postSolution
		{95076DBF-8721-4997-A353-C451FD05E0EA}.Debug|x64.ActiveCfg = Debug|x64
		{95076DBF-8721-4997-A353-C451FD05E0EA}.Debug|x64.Build.0 = Debug|x64
		{95076DBF-8721-4997-A353-C451FD05E0EA}.Debug|x86.ActiveCfg = Debug|Win32
		{95076DBF-8721-4997-A353-C451FD05E0EA}.Debug|x86.Build.0 = Debug|Win32
		{95076DBF-8721-4997-A353-C451FD05E0EA}.Release|x64.ActiveCfg = Release|x64
		{95076DBF-8721-4997-A353-C451FD05E0EA}.Release|x64.Build.0 = Release|x64
		{95076DBF-8721-4997-A353-C451FD05E0EA}.Release|x86.ActiveCfg = Release|Win32
		{95076DBF-8721-4997-A353-C451FD05E0EA}.Release|x86.Build.0 = Release|Win32
		{E3907EBD-A6E4-4D12-8677-0510F41740BC}.Debug|x64.ActiveCfg = Debug|x64
		{E3907EBD-A6E4-4D12-8677-0510F41740BC}.Debug|x64.Build.0 = Debug|x64
		{E3907EBD-A6E4-4D12-8677-0510F41740BC}.Debug|x86.ActiveCfg = Debug|Win32
		{E3907EBD-A6E4-4D12-8677-0510F41740BC}.Debug|x86.Build.0 = Debug|Win32
		{E3907EBD-A6E4-4D12-8677-0510F41740BC}.Release|x64.ActiveCfg = Release|x64
		{E3907EBD-A6E4-4D12-8677-0510F41740BC}.Release|x64.Build.0 = Release|x64
		{E3907EBD-A6E4-4D12-8677-0510F41740BC}.Release|x86.ActiveCfg = Release|Win32
		{E3907EBD-A6E4-4D12-8677-0510F41740BC}.Release|x86.Build.0 = Release|Win32
		{3E471A26-123B-48FD-A2F4-C2092BF2D300}.Debug|x64.ActiveCfg = Debug|x64
		{3E471A26-123B-48FD-A2F4-C2092BF2D300}.Debug|x64.Build.0 = Debug|x64
		{3E471A26-123B-48FD-A2F4-C2092BF2D300}.Debug|x86.ActiveCfg = Debug|Win32
		{3E471A26-123B-48FD-A2F4-C2092BF2D300}.Debug|x86.Build.0 = Debug|Win32
		{3E471A26-123B-48FD-A2F4-C2092BF2D300}.Release|x64.ActiveCfg = Release|x64
		{3E471A26-123B-48FD-A2F4-C2092BF2D300}.Release|x64.Build.0 = Release|x64
		{3E471A26-123B-48FD-A2F4-C2092BF2D300}.Release|x86.ActiveCfg = Release|Win32
		{3E471A26-123B-48FD-A2F4-C2092BF2D300}.Release|x86.Build.0 = Release|Win32
		{B39B9C67-5F4B-45CA-B2E5-09C6ABBCCE70}.Debug|x64.ActiveCfg = Debug|x64
		{B39B9C67-5F4B-45CA-B2E5-09C6ABBCCE70}.Debug|x64.Build.0 = Debug|x64
		{B39B9C67-5F4B-45CA-B2E5-09C6ABBCCE70}.Debug|x86.ActiveCfg = Debug|Win32
		{B39B9C67-5F4B-45CA-B2E5-09C6ABBCCE70}.Debug|x86.Build.0 = Debug|Win32
		{B39B9C67-5F4B-45CA-B2E5-09C6ABBCCE70}.Release|x64.ActiveCfg = Release|x64
		{B39B9C67-5F4B-45CA-B2E5-09C6ABBCCE70}.Release|x64.Build.0 = Release|x64
		{B39B9C67-5F4B-45CA-B2E5-09C6ABBCCE70}.Release|x86.ActiveCfg = Release|Win32
		{B39B9C67-5F4B-45CA-B2E5-09C6ABBCCE70}.Release|x86.Build.0 = Release|Win32
		{893C6451-BE86-4242-A7FB-EA36ECF4F4AC}.Debug|x64.ActiveCfg = Debug|x64
		{893C6451-BE86-4242-A7FB-EA36ECF4F4AC}.Debug|x64.Build.0 = Debug|x64
		{893C6451-BE86-4242-A7FB-EA36ECF4F4AC}.Debug|x86.ActiveCfg = Debug|Win32
		{893C6451-BE86-4242-A7FB-EA36ECF4F4AC}.Debug|x86.Build.0 = Debug|Win32
		{893C6451-BE86-4242-A7FB-EA36ECF4F4AC}.Release|x64.ActiveCfg = Release|x64
		{893C6451-BE86-4242-A7FB-EA36ECF4F4AC}.Release|x64.Build.0 = Release|x64
		{893C6451-BE86-4242-A7FB-EA36ECF4F4AC}.Release|x86.ActiveCfg = Release|Win32
		{893C6451-BE86-4242-A7FB-EA36ECF4F4AC}.Release|x86.Build.0 = Release|Win32
		{CF31B797-89AB-427A-A902-9969D4E56C98}.Debug|x64.ActiveCfg = Debug|x64
		{CF31B797-89AB-427A-A902-9969D4E56C98}.Debug|x64.Build.0 = Debug|x64
		{CF31B797-89AB-427A-A902-9969D4E56C98}.Debug|x86.ActiveCfg = Debug|Win32
		{CF31B797-89AB-427A-A902-9969D4E56C98}.Debug|x86.Build.0 = Debug|Win32
		{CF31B797-89AB-427A-A902-9969D4E56C98}.Release|x64.ActiveCfg = Release|x64
		{CF31B797-89AB-427A-A902-9969D4E56C98}.Release|x64.Build.0 = Release|x64
		{CF31B797-89AB-427A-A902-9969D4E56C98}.Release|x86.ActiveCfg = Release|Win32
		{CF31B797-89AB-427A-A902-9969D4E56C98}.Release|x86.Build.0 = Release|Win32
		{322CB11B-AC92-408E-A8DA-C214DAA0964E}.Debug|x64.ActiveCfg = Debug|x64
		{322CB11B-AC92-408E-A8DA-C214DAA0964E}.Debug|x64.Build.0 = Debug|x64
		{322CB11B-AC92-408E-A8DA-C214DAA0964E}.Debug|x86.ActiveCfg = Debug|Win32
		{322CB11B-AC92-408E-A8DA-C214DAA0964E}.Debug|x86.Build.0 = Debug|Win32
		{322CB11B-AC92-408E-A8DA-C214DAA0964E}.Release|x64.ActiveCfg = Release|x64
		{322CB11B-AC92-408E-A8DA-C214DAA0964E}.Release|x64.Build.0 = Release|x64
		{322CB11B-AC92-408E-A8DA-C214DAA0964E}.Release|x86.ActiveCfg = Release|Win32
		{322CB11B-AC92-408E-A8DA-C214DAA0964E}.Release|x86.Build.0 = Release|Win32
		{B1647F84-401C-4ABF-BBA7-0F990ACC6247}.Debug|x64.ActiveCfg = Debug|x64
		{B1647F84-401C-4ABF-BBA7-0F990ACC6247}.Debug|x64.Build.0 = Debug|x64
		{B1647F84-401C-4ABF-BBA7-0F990ACC6247}.Debug|x86.ActiveCfg = Debug|Win32
		{B1647F84-401C-4ABF-BBA7-0F990ACC6247}.Debug|x86.Build.0 = Debug|Win32
		{B1647F84-401C-4ABF-BBA7-0F990ACC6247}.Release|x64.ActiveCfg = Release|x64
		{B1647F84-401C-4ABF-BBA7-0F990ACC6247}.Release|x64.Build.0 = Release|x64
		{B1647F84-401C-4ABF-BBA7-0F990ACC6247}.Release|x86.ActiveCfg = Release|Win32
		{B1647F84-401C-4ABF-BBA7-0F990ACC6247}.Release|x86.Build.0 = Release|Win32
		{F97AFE12-CA66-485A-8B88-0376CEAA1892}.Debug|x64.ActiveCfg = Debug|x64
		{F97AFE12-CA66-485A-8B88-0376CEAA1892}.Debug|x64.Build.0 = Debug|x64
		{F97AFE12-CA66-485A-8B88-0376CEAA1892}.Debug|x86.ActiveCfg = Debug|Win32
		{F97AFE12-CA66-485A-8B88-0376CEAA1892}.Debug|x86.Build.0 = Debug|Win32
		{F97AFE12-CA66-485A-8B88-0376CEAA1892}.Release|x64.ActiveCfg = Release|x64
		{F97AFE12-CA66-485A-8B88-0376CEAA1892}.Release|x64.Build.0 = Release|x64
		{F97AFE12-CA66-485A-8B88-0376CEAA1892}.Release|x86.ActiveCfg = Release|Win32
		{F97AFE12-CA66-485A-8B88-0376CEAA1892}.Release|x86.Build.0 = Release|Win32
		{E8F9EB8F-049B-499A-9240-3FB9C6C3A6DE}.Debug|x64.ActiveCfg = Debug|x64
		{E8F9EB8F-049B-499A-9240-3FB9C6C3A6DE}.Debug|x64.Build.0 = Debug|x64
		{E8F9EB8F-049B-499A-9240-3FB9C6C3A6DE}.Debug|x86.ActiveCfg = Debug|Win32
		{E8F9EB8F-049B-499A-9240-3FB9C6C3A6DE}.Debug|x86.Build.0 = Debug|Win32
		{E8F9EB8F-049B-499A-9240-3FB9C6C3A6DE}.Release|x64.ActiveCfg = Release|x64
		{E8F9EB8F-049B-499A-9240-3FB9C6C3A6DE}.Release|x64.Build.0 = Release|x64
		{E8F9EB8F-049B-499A-9240-3FB9C6C3A6DE}.Release|x86.ActiveCfg = Release|Win32
		{E8F9EB8F-049B-499A-9240-3FB9C6C3A6DE}.Release|x86.Build.0 = Release|Win32
	EndGlobalSection
	GlobalSection(SolutionProperties) = preSolution
		HideSolutionNode = FALSE
	EndGlobalSection
	GlobalSection(ExtensibilityGlobals) = postSolution
		SolutionGuid = {A1609DD5-CCAA-4DDF-ADDC-3AB1E0E62C9D}
	EndGlobalSection
EndGlobal
