
Microsoft Visual Studio Solution File, Format Version 12.00
# Visual Studio Version 17
VisualStudioVersion = 17.11.35312.102
MinimumVisualStudioVersion = 10.0.40219.1
Project("{8BC9CEB8-8B4A-11D0-8D11-00A0C91BC942}") = "Task1", "Task1\Task1.vcxproj", "{AD8F96BA-3AD3-48B1-AE49-BDFE934C3B67}"
EndProject
Project("{8BC9CEB8-8B4A-11D0-8D11-00A0C91BC942}") = "Task2", "Task2\Task2.vcxproj", "{95053E68-09F5-4AD5-998E-611142C00A66}"
EndProject
Project("{8BC9CEB8-8B4A-11D0-8D11-00A0C91BC942}") = "Task3", "Task3\Task3.vcxproj", "{2338787E-40AA-426A-9DCA-2AAF857E42A4}"
EndProject
Project("{8BC9CEB8-8B4A-11D0-8D11-00A0C91BC942}") = "Task4", "Task4\Task4.vcxproj", "{01D3946B-1A33-4506-BE7E-5B6F71B52C23}"
EndProject
Project("{8BC9CEB8-8B4A-11D0-8D11-00A0C91BC942}") = "Task5", "Task5\Task5.vcxproj", "{1BBDF832-9A45-45C9-861D-A4EF5F07582C}"
EndProject
Project("{8BC9CEB8-8B4A-11D0-8D11-00A0C91BC942}") = "Task6", "Task6\Task6.vcxproj", "{BB005A4D-8928-41F8-8E26-234D99420CA6}"
EndProject
Project("{8BC9CEB8-8B4A-11D0-8D11-00A0C91BC942}") = "Task7", "Task7\Task7.vcxproj", "{4D48F80B-5C50-4626-A2C2-DF8215A10E77}"
EndProject
Project("{8BC9CEB8-8B4A-11D0-8D11-00A0C91BC942}") = "Task8", "Task8\Task8.vcxproj", "{36A20BC7-195C-41CD-872A-FA6F5A02779F}"
EndProject
Project("{8BC9CEB8-8B4A-11D0-8D11-00A0C91BC942}") = "Task9", "Task9\Task9.vcxproj", "{77A863BB-BCD3-4CB0-B7A8-28D14650E0C1}"
EndProject
Project("{8BC9CEB8-8B4A-11D0-8D11-00A0C91BC942}") = "Task10", "Task10\Task10.vcxproj", "{6C180BAD-631B-4E82-9247-8B2C1DFA8780}"
EndProject
Global
	GlobalSection(SolutionConfigurationPlatforms) = preSolution
		Debug|x64 = Debug|x64
		Debug|x86 = Debug|x86
		Release|x64 = Release|x64
		Release|x86 = Release|x86
	EndGlobalSection
	GlobalSection(ProjectConfigurationPlatforms) = postSolution
		{AD8F96BA-3AD3-48B1-AE49-BDFE934C3B67}.Debug|x64.ActiveCfg = Debug|x64
		{AD8F96BA-3AD3-48B1-AE49-BDFE934C3B67}.Debug|x64.Build.0 = Debug|x64
		{AD8F96BA-3AD3-48B1-AE49-BDFE934C3B67}.Debug|x86.ActiveCfg = Debug|Win32
		{AD8F96BA-3AD3-48B1-AE49-BDFE934C3B67}.Debug|x86.Build.0 = Debug|Win32
		{AD8F96BA-3AD3-48B1-AE49-BDFE934C3B67}.Release|x64.ActiveCfg = Release|x64
		{AD8F96BA-3AD3-48B1-AE49-BDFE934C3B67}.Release|x64.Build.0 = Release|x64
		{AD8F96BA-3AD3-48B1-AE49-BDFE934C3B67}.Release|x86.ActiveCfg = Release|Win32
		{AD8F96BA-3AD3-48B1-AE49-BDFE934C3B67}.Release|x86.Build.0 = Release|Win32
		{95053E68-09F5-4AD5-998E-611142C00A66}.Debug|x64.ActiveCfg = Debug|x64
		{95053E68-09F5-4AD5-998E-611142C00A66}.Debug|x64.Build.0 = Debug|x64
		{95053E68-09F5-4AD5-998E-611142C00A66}.Debug|x86.ActiveCfg = Debug|Win32
		{95053E68-09F5-4AD5-998E-611142C00A66}.Debug|x86.Build.0 = Debug|Win32
		{95053E68-09F5-4AD5-998E-611142C00A66}.Release|x64.ActiveCfg = Release|x64
		{95053E68-09F5-4AD5-998E-611142C00A66}.Release|x64.Build.0 = Release|x64
		{95053E68-09F5-4AD5-998E-611142C00A66}.Release|x86.ActiveCfg = Release|Win32
		{95053E68-09F5-4AD5-998E-611142C00A66}.Release|x86.Build.0 = Release|Win32
		{2338787E-40AA-426A-9DCA-2AAF857E42A4}.Debug|x64.ActiveCfg = Debug|x64
		{2338787E-40AA-426A-9DCA-2AAF857E42A4}.Debug|x64.Build.0 = Debug|x64
		{2338787E-40AA-426A-9DCA-2AAF857E42A4}.Debug|x86.ActiveCfg = Debug|Win32
		{2338787E-40AA-426A-9DCA-2AAF857E42A4}.Debug|x86.Build.0 = Debug|Win32
		{2338787E-40AA-426A-9DCA-2AAF857E42A4}.Release|x64.ActiveCfg = Release|x64
		{2338787E-40AA-426A-9DCA-2AAF857E42A4}.Release|x64.Build.0 = Release|x64
		{2338787E-40AA-426A-9DCA-2AAF857E42A4}.Release|x86.ActiveCfg = Release|Win32
		{2338787E-40AA-426A-9DCA-2AAF857E42A4}.Release|x86.Build.0 = Release|Win32
		{01D3946B-1A33-4506-BE7E-5B6F71B52C23}.Debug|x64.ActiveCfg = Debug|x64
		{01D3946B-1A33-4506-BE7E-5B6F71B52C23}.Debug|x64.Build.0 = Debug|x64
		{01D3946B-1A33-4506-BE7E-5B6F71B52C23}.Debug|x86.ActiveCfg = Debug|Win32
		{01D3946B-1A33-4506-BE7E-5B6F71B52C23}.Debug|x86.Build.0 = Debug|Win32
		{01D3946B-1A33-4506-BE7E-5B6F71B52C23}.Release|x64.ActiveCfg = Release|x64
		{01D3946B-1A33-4506-BE7E-5B6F71B52C23}.Release|x64.Build.0 = Release|x64
		{01D3946B-1A33-4506-BE7E-5B6F71B52C23}.Release|x86.ActiveCfg = Release|Win32
		{01D3946B-1A33-4506-BE7E-5B6F71B52C23}.Release|x86.Build.0 = Release|Win32
		{1BBDF832-9A45-45C9-861D-A4EF5F07582C}.Debug|x64.ActiveCfg = Debug|x64
		{1BBDF832-9A45-45C9-861D-A4EF5F07582C}.Debug|x64.Build.0 = Debug|x64
		{1BBDF832-9A45-45C9-861D-A4EF5F07582C}.Debug|x86.ActiveCfg = Debug|Win32
		{1BBDF832-9A45-45C9-861D-A4EF5F07582C}.Debug|x86.Build.0 = Debug|Win32
		{1BBDF832-9A45-45C9-861D-A4EF5F07582C}.Release|x64.ActiveCfg = Release|x64
		{1BBDF832-9A45-45C9-861D-A4EF5F07582C}.Release|x64.Build.0 = Release|x64
		{1BBDF832-9A45-45C9-861D-A4EF5F07582C}.Release|x86.ActiveCfg = Release|Win32
		{1BBDF832-9A45-45C9-861D-A4EF5F07582C}.Release|x86.Build.0 = Release|Win32
		{BB005A4D-8928-41F8-8E26-234D99420CA6}.Debug|x64.ActiveCfg = Debug|x64
		{BB005A4D-8928-41F8-8E26-234D99420CA6}.Debug|x64.Build.0 = Debug|x64
		{BB005A4D-8928-41F8-8E26-234D99420CA6}.Debug|x86.ActiveCfg = Debug|Win32
		{BB005A4D-8928-41F8-8E26-234D99420CA6}.Debug|x86.Build.0 = Debug|Win32
		{BB005A4D-8928-41F8-8E26-234D99420CA6}.Release|x64.ActiveCfg = Release|x64
		{BB005A4D-8928-41F8-8E26-234D99420CA6}.Release|x64.Build.0 = Release|x64
		{BB005A4D-8928-41F8-8E26-234D99420CA6}.Release|x86.ActiveCfg = Release|Win32
		{BB005A4D-8928-41F8-8E26-234D99420CA6}.Release|x86.Build.0 = Release|Win32
		{4D48F80B-5C50-4626-A2C2-DF8215A10E77}.Debug|x64.ActiveCfg = Debug|x64
		{4D48F80B-5C50-4626-A2C2-DF8215A10E77}.Debug|x64.Build.0 = Debug|x64
		{4D48F80B-5C50-4626-A2C2-DF8215A10E77}.Debug|x86.ActiveCfg = Debug|Win32
		{4D48F80B-5C50-4626-A2C2-DF8215A10E77}.Debug|x86.Build.0 = Debug|Win32
		{4D48F80B-5C50-4626-A2C2-DF8215A10E77}.Release|x64.ActiveCfg = Release|x64
		{4D48F80B-5C50-4626-A2C2-DF8215A10E77}.Release|x64.Build.0 = Release|x64
		{4D48F80B-5C50-4626-A2C2-DF8215A10E77}.Release|x86.ActiveCfg = Release|Win32
		{4D48F80B-5C50-4626-A2C2-DF8215A10E77}.Release|x86.Build.0 = Release|Win32
		{36A20BC7-195C-41CD-872A-FA6F5A02779F}.Debug|x64.ActiveCfg = Debug|x64
		{36A20BC7-195C-41CD-872A-FA6F5A02779F}.Debug|x64.Build.0 = Debug|x64
		{36A20BC7-195C-41CD-872A-FA6F5A02779F}.Debug|x86.ActiveCfg = Debug|Win32
		{36A20BC7-195C-41CD-872A-FA6F5A02779F}.Debug|x86.Build.0 = Debug|Win32
		{36A20BC7-195C-41CD-872A-FA6F5A02779F}.Release|x64.ActiveCfg = Release|x64
		{36A20BC7-195C-41CD-872A-FA6F5A02779F}.Release|x64.Build.0 = Release|x64
		{36A20BC7-195C-41CD-872A-FA6F5A02779F}.Release|x86.ActiveCfg = Release|Win32
		{36A20BC7-195C-41CD-872A-FA6F5A02779F}.Release|x86.Build.0 = Release|Win32
		{77A863BB-BCD3-4CB0-B7A8-28D14650E0C1}.Debug|x64.ActiveCfg = Debug|x64
		{77A863BB-BCD3-4CB0-B7A8-28D14650E0C1}.Debug|x64.Build.0 = Debug|x64
		{77A863BB-BCD3-4CB0-B7A8-28D14650E0C1}.Debug|x86.ActiveCfg = Debug|Win32
		{77A863BB-BCD3-4CB0-B7A8-28D14650E0C1}.Debug|x86.Build.0 = Debug|Win32
		{77A863BB-BCD3-4CB0-B7A8-28D14650E0C1}.Release|x64.ActiveCfg = Release|x64
		{77A863BB-BCD3-4CB0-B7A8-28D14650E0C1}.Release|x64.Build.0 = Release|x64
		{77A863BB-BCD3-4CB0-B7A8-28D14650E0C1}.Release|x86.ActiveCfg = Release|Win32
		{77A863BB-BCD3-4CB0-B7A8-28D14650E0C1}.Release|x86.Build.0 = Release|Win32
		{6C180BAD-631B-4E82-9247-8B2C1DFA8780}.Debug|x64.ActiveCfg = Debug|x64
		{6C180BAD-631B-4E82-9247-8B2C1DFA8780}.Debug|x64.Build.0 = Debug|x64
		{6C180BAD-631B-4E82-9247-8B2C1DFA8780}.Debug|x86.ActiveCfg = Debug|Win32
		{6C180BAD-631B-4E82-9247-8B2C1DFA8780}.Debug|x86.Build.0 = Debug|Win32
		{6C180BAD-631B-4E82-9247-8B2C1DFA8780}.Release|x64.ActiveCfg = Release|x64
		{6C180BAD-631B-4E82-9247-8B2C1DFA8780}.Release|x64.Build.0 = Release|x64
		{6C180BAD-631B-4E82-9247-8B2C1DFA8780}.Release|x86.ActiveCfg = Release|Win32
		{6C180BAD-631B-4E82-9247-8B2C1DFA8780}.Release|x86.Build.0 = Release|Win32
	EndGlobalSection
	GlobalSection(SolutionProperties) = preSolution
		HideSolutionNode = FALSE
	EndGlobalSection
	GlobalSection(ExtensibilityGlobals) = postSolution
		SolutionGuid = {4F3762E1-6718-4FA3-A7DA-E284A07F63BA}
	EndGlobalSection
EndGlobal
