
Microsoft Visual Studio Solution File, Format Version 12.00
# Visual Studio Version 17
VisualStudioVersion = 17.11.35312.102
MinimumVisualStudioVersion = 10.0.40219.1
Project("{8BC9CEB8-8B4A-11D0-8D11-00A0C91BC942}") = "Task1", "Task1\Task1.vcxproj", "{BDC7DA39-F887-4CAD-A4F5-1CE0076337C5}"
EndProject
Project("{8BC9CEB8-8B4A-11D0-8D11-00A0C91BC942}") = "Task2", "Task2\Task2.vcxproj", "{BC922238-5BE8-43B4-902F-0ED606AFF002}"
EndProject
Project("{8BC9CEB8-8B4A-11D0-8D11-00A0C91BC942}") = "Task3", "Task3\Task3.vcxproj", "{7442F0DB-8740-423C-BD56-D2CE30EF0AB3}"
EndProject
Project("{8BC9CEB8-8B4A-11D0-8D11-00A0C91BC942}") = "task5", "task5\task5.vcxproj", "{2392DF8C-14C0-4693-AAD9-EFCA2C166320}"
EndProject
Project("{8BC9CEB8-8B4A-11D0-8D11-00A0C91BC942}") = "Project6", "Project6\Project6.vcxproj", "{F6765464-71C2-4420-B166-C4B99B20B748}"
EndProject
Project("{8BC9CEB8-8B4A-11D0-8D11-00A0C91BC942}") = "Task7", "Task7\Task7.vcxproj", "{0E222F8A-0B74-4DCE-AE24-A58779709232}"
EndProject
Project("{8BC9CEB8-8B4A-11D0-8D11-00A0C91BC942}") = "Task9", "Task9\Task9.vcxproj", "{3BEAD2E8-73BB-4BAA-BCB9-EF80DC420F6D}"
EndProject
Project("{8BC9CEB8-8B4A-11D0-8D11-00A0C91BC942}") = "Test", "Test\Test.vcxproj", "{8A93011F-C017-44BB-852A-C6E24886A57E}"
EndProject
Project("{8BC9CEB8-8B4A-11D0-8D11-00A0C91BC942}") = "Task8", "Task8\Task8.vcxproj", "{4641DF0C-E9D1-4C03-A3C2-B47ED673048F}"
EndProject
Global
	GlobalSection(SolutionConfigurationPlatforms) = preSolution
		Debug|x64 = Debug|x64
		Debug|x86 = Debug|x86
		Release|x64 = Release|x64
		Release|x86 = Release|x86
	EndGlobalSection
	GlobalSection(ProjectConfigurationPlatforms) = postSolution
		{BDC7DA39-F887-4CAD-A4F5-1CE0076337C5}.Debug|x64.ActiveCfg = Debug|x64
		{BDC7DA39-F887-4CAD-A4F5-1CE0076337C5}.Debug|x64.Build.0 = Debug|x64
		{BDC7DA39-F887-4CAD-A4F5-1CE0076337C5}.Debug|x86.ActiveCfg = Debug|Win32
		{BDC7DA39-F887-4CAD-A4F5-1CE0076337C5}.Debug|x86.Build.0 = Debug|Win32
		{BDC7DA39-F887-4CAD-A4F5-1CE0076337C5}.Release|x64.ActiveCfg = Release|x64
		{BDC7DA39-F887-4CAD-A4F5-1CE0076337C5}.Release|x64.Build.0 = Release|x64
		{BDC7DA39-F887-4CAD-A4F5-1CE0076337C5}.Release|x86.ActiveCfg = Release|Win32
		{BDC7DA39-F887-4CAD-A4F5-1CE0076337C5}.Release|x86.Build.0 = Release|Win32
		{BC922238-5BE8-43B4-902F-0ED606AFF002}.Debug|x64.ActiveCfg = Debug|x64
		{BC922238-5BE8-43B4-902F-0ED606AFF002}.Debug|x64.Build.0 = Debug|x64
		{BC922238-5BE8-43B4-902F-0ED606AFF002}.Debug|x86.ActiveCfg = Debug|Win32
		{BC922238-5BE8-43B4-902F-0ED606AFF002}.Debug|x86.Build.0 = Debug|Win32
		{BC922238-5BE8-43B4-902F-0ED606AFF002}.Release|x64.ActiveCfg = Release|x64
		{BC922238-5BE8-43B4-902F-0ED606AFF002}.Release|x64.Build.0 = Release|x64
		{BC922238-5BE8-43B4-902F-0ED606AFF002}.Release|x86.ActiveCfg = Release|Win32
		{BC922238-5BE8-43B4-902F-0ED606AFF002}.Release|x86.Build.0 = Release|Win32
		{7442F0DB-8740-423C-BD56-D2CE30EF0AB3}.Debug|x64.ActiveCfg = Debug|x64
		{7442F0DB-8740-423C-BD56-D2CE30EF0AB3}.Debug|x64.Build.0 = Debug|x64
		{7442F0DB-8740-423C-BD56-D2CE30EF0AB3}.Debug|x86.ActiveCfg = Debug|Win32
		{7442F0DB-8740-423C-BD56-D2CE30EF0AB3}.Debug|x86.Build.0 = Debug|Win32
		{7442F0DB-8740-423C-BD56-D2CE30EF0AB3}.Release|x64.ActiveCfg = Release|x64
		{7442F0DB-8740-423C-BD56-D2CE30EF0AB3}.Release|x64.Build.0 = Release|x64
		{7442F0DB-8740-423C-BD56-D2CE30EF0AB3}.Release|x86.ActiveCfg = Release|Win32
		{7442F0DB-8740-423C-BD56-D2CE30EF0AB3}.Release|x86.Build.0 = Release|Win32
		{2392DF8C-14C0-4693-AAD9-EFCA2C166320}.Debug|x64.ActiveCfg = Debug|x64
		{2392DF8C-14C0-4693-AAD9-EFCA2C166320}.Debug|x64.Build.0 = Debug|x64
		{2392DF8C-14C0-4693-AAD9-EFCA2C166320}.Debug|x86.ActiveCfg = Debug|Win32
		{2392DF8C-14C0-4693-AAD9-EFCA2C166320}.Debug|x86.Build.0 = Debug|Win32
		{2392DF8C-14C0-4693-AAD9-EFCA2C166320}.Release|x64.ActiveCfg = Release|x64
		{2392DF8C-14C0-4693-AAD9-EFCA2C166320}.Release|x64.Build.0 = Release|x64
		{2392DF8C-14C0-4693-AAD9-EFCA2C166320}.Release|x86.ActiveCfg = Release|Win32
		{2392DF8C-14C0-4693-AAD9-EFCA2C166320}.Release|x86.Build.0 = Release|Win32
		{F6765464-71C2-4420-B166-C4B99B20B748}.Debug|x64.ActiveCfg = Debug|x64
		{F6765464-71C2-4420-B166-C4B99B20B748}.Debug|x64.Build.0 = Debug|x64
		{F6765464-71C2-4420-B166-C4B99B20B748}.Debug|x86.ActiveCfg = Debug|Win32
		{F6765464-71C2-4420-B166-C4B99B20B748}.Debug|x86.Build.0 = Debug|Win32
		{F6765464-71C2-4420-B166-C4B99B20B748}.Release|x64.ActiveCfg = Release|x64
		{F6765464-71C2-4420-B166-C4B99B20B748}.Release|x64.Build.0 = Release|x64
		{F6765464-71C2-4420-B166-C4B99B20B748}.Release|x86.ActiveCfg = Release|Win32
		{F6765464-71C2-4420-B166-C4B99B20B748}.Release|x86.Build.0 = Release|Win32
		{0E222F8A-0B74-4DCE-AE24-A58779709232}.Debug|x64.ActiveCfg = Debug|x64
		{0E222F8A-0B74-4DCE-AE24-A58779709232}.Debug|x64.Build.0 = Debug|x64
		{0E222F8A-0B74-4DCE-AE24-A58779709232}.Debug|x86.ActiveCfg = Debug|Win32
		{0E222F8A-0B74-4DCE-AE24-A58779709232}.Debug|x86.Build.0 = Debug|Win32
		{0E222F8A-0B74-4DCE-AE24-A58779709232}.Release|x64.ActiveCfg = Release|x64
		{0E222F8A-0B74-4DCE-AE24-A58779709232}.Release|x64.Build.0 = Release|x64
		{0E222F8A-0B74-4DCE-AE24-A58779709232}.Release|x86.ActiveCfg = Release|Win32
		{0E222F8A-0B74-4DCE-AE24-A58779709232}.Release|x86.Build.0 = Release|Win32
		{3BEAD2E8-73BB-4BAA-BCB9-EF80DC420F6D}.Debug|x64.ActiveCfg = Debug|x64
		{3BEAD2E8-73BB-4BAA-BCB9-EF80DC420F6D}.Debug|x64.Build.0 = Debug|x64
		{3BEAD2E8-73BB-4BAA-BCB9-EF80DC420F6D}.Debug|x86.ActiveCfg = Debug|Win32
		{3BEAD2E8-73BB-4BAA-BCB9-EF80DC420F6D}.Debug|x86.Build.0 = Debug|Win32
		{3BEAD2E8-73BB-4BAA-BCB9-EF80DC420F6D}.Release|x64.ActiveCfg = Release|x64
		{3BEAD2E8-73BB-4BAA-BCB9-EF80DC420F6D}.Release|x64.Build.0 = Release|x64
		{3BEAD2E8-73BB-4BAA-BCB9-EF80DC420F6D}.Release|x86.ActiveCfg = Release|Win32
		{3BEAD2E8-73BB-4BAA-BCB9-EF80DC420F6D}.Release|x86.Build.0 = Release|Win32
		{8A93011F-C017-44BB-852A-C6E24886A57E}.Debug|x64.ActiveCfg = Debug|x64
		{8A93011F-C017-44BB-852A-C6E24886A57E}.Debug|x64.Build.0 = Debug|x64
		{8A93011F-C017-44BB-852A-C6E24886A57E}.Debug|x86.ActiveCfg = Debug|Win32
		{8A93011F-C017-44BB-852A-C6E24886A57E}.Debug|x86.Build.0 = Debug|Win32
		{8A93011F-C017-44BB-852A-C6E24886A57E}.Release|x64.ActiveCfg = Release|x64
		{8A93011F-C017-44BB-852A-C6E24886A57E}.Release|x64.Build.0 = Release|x64
		{8A93011F-C017-44BB-852A-C6E24886A57E}.Release|x86.ActiveCfg = Release|Win32
		{8A93011F-C017-44BB-852A-C6E24886A57E}.Release|x86.Build.0 = Release|Win32
		{4641DF0C-E9D1-4C03-A3C2-B47ED673048F}.Debug|x64.ActiveCfg = Debug|x64
		{4641DF0C-E9D1-4C03-A3C2-B47ED673048F}.Debug|x64.Build.0 = Debug|x64
		{4641DF0C-E9D1-4C03-A3C2-B47ED673048F}.Debug|x86.ActiveCfg = Debug|Win32
		{4641DF0C-E9D1-4C03-A3C2-B47ED673048F}.Debug|x86.Build.0 = Debug|Win32
		{4641DF0C-E9D1-4C03-A3C2-B47ED673048F}.Release|x64.ActiveCfg = Release|x64
		{4641DF0C-E9D1-4C03-A3C2-B47ED673048F}.Release|x64.Build.0 = Release|x64
		{4641DF0C-E9D1-4C03-A3C2-B47ED673048F}.Release|x86.ActiveCfg = Release|Win32
		{4641DF0C-E9D1-4C03-A3C2-B47ED673048F}.Release|x86.Build.0 = Release|Win32
	EndGlobalSection
	GlobalSection(SolutionProperties) = preSolution
		HideSolutionNode = FALSE
	EndGlobalSection
	GlobalSection(ExtensibilityGlobals) = postSolution
		SolutionGuid = {C2C33817-88A5-4126-B50E-8C5F00F41D6C}
	EndGlobalSection
EndGlobal
